# This file was autogenerated by uv via the following command:
#    uv pip compile pyproject.toml -o uv.lock
appnope==0.1.4
    # via ipykernel
asttokens==2.0.5
    # via
    #   logit-graph (pyproject.toml)
    #   stack-data
certifi==2024.2.2
    # via logit-graph (pyproject.toml)
cffi==1.15.1
    # via logit-graph (pyproject.toml)
comm==0.1.4
    # via
    #   logit-graph (pyproject.toml)
    #   ipykernel
contourpy==1.1.1
    # via
    #   logit-graph (pyproject.toml)
    #   matplotlib
cycler==0.11.0
    # via
    #   logit-graph (pyproject.toml)
    #   matplotlib
debugpy==1.8.0
    # via
    #   logit-graph (pyproject.toml)
    #   ipykernel
decorator==5.1.1
    # via
    #   logit-graph (pyproject.toml)
    #   ipython
exceptiongroup==1.1.3
    # via
    #   logit-graph (pyproject.toml)
    #   ipython
executing==0.8.3
    # via
    #   logit-graph (pyproject.toml)
    #   stack-data
filelock==3.13.3
    # via
    #   logit-graph (pyproject.toml)
    #   torch
fonttools==4.49.0
    # via
    #   logit-graph (pyproject.toml)
    #   matplotlib
fsspec==2024.3.1
    # via
    #   logit-graph (pyproject.toml)
    #   torch
igraph==0.11.4
    # via logit-graph (pyproject.toml)
imageio==2.34.0
    # via logit-graph (pyproject.toml)
imbalanced-learn==0.12.2
    # via
    #   logit-graph (pyproject.toml)
    #   imblearn
imblearn==0.0
    # via logit-graph (pyproject.toml)
importlib-metadata==7.0.2
    # via logit-graph (pyproject.toml)
ipykernel==6.29.3
    # via logit-graph (pyproject.toml)
ipython==8.22.2
    # via
    #   logit-graph (pyproject.toml)
    #   ipykernel
    #   pyvis
jedi==0.19.1
    # via
    #   logit-graph (pyproject.toml)
    #   ipython
jinja2==3.1.3
    # via
    #   logit-graph (pyproject.toml)
    #   pyvis
    #   torch
joblib==1.3.2
    # via
    #   logit-graph (pyproject.toml)
    #   imbalanced-learn
    #   scikit-learn
jsonpickle==3.0.3
    # via
    #   logit-graph (pyproject.toml)
    #   pyvis
jupyter-client==8.6.1
    # via
    #   logit-graph (pyproject.toml)
    #   ipykernel
jupyter-core==5.7.2
    # via
    #   logit-graph (pyproject.toml)
    #   ipykernel
    #   jupyter-client
kiwisolver==1.4.5
    # via
    #   logit-graph (pyproject.toml)
    #   matplotlib
lxml==5.2.2
    # via logit-graph (pyproject.toml)
markupsafe==2.1.5
    # via
    #   logit-graph (pyproject.toml)
    #   jinja2
matplotlib==3.8.3
    # via
    #   logit-graph (pyproject.toml)
    #   seaborn
matplotlib-inline==0.1.6
    # via
    #   logit-graph (pyproject.toml)
    #   ipykernel
    #   ipython
mpmath==1.3.0
    # via
    #   logit-graph (pyproject.toml)
    #   sympy
munkres==1.1.4
    # via logit-graph (pyproject.toml)
nest-asyncio==1.6.0
    # via
    #   logit-graph (pyproject.toml)
    #   ipykernel
networkx==3.2.1
    # via
    #   logit-graph (pyproject.toml)
    #   pyvis
    #   torch
numpy==1.26.4
    # via
    #   logit-graph (pyproject.toml)
    #   contourpy
    #   imageio
    #   imbalanced-learn
    #   matplotlib
    #   pandas
    #   patsy
    #   pyintergraph
    #   scikit-learn
    #   scipy
    #   seaborn
    #   statsmodels
packaging==24.0
    # via
    #   logit-graph (pyproject.toml)
    #   ipykernel
    #   matplotlib
    #   statsmodels
pandas==2.2.1
    # via
    #   logit-graph (pyproject.toml)
    #   seaborn
    #   statsmodels
parso==0.8.3
    # via
    #   logit-graph (pyproject.toml)
    #   jedi
patsy==0.5.6
    # via
    #   logit-graph (pyproject.toml)
    #   statsmodels
pexpect==4.9.0
    # via
    #   logit-graph (pyproject.toml)
    #   ipython
pickleshare==0.7.5
    # via logit-graph (pyproject.toml)
pillow==10.2.0
    # via
    #   logit-graph (pyproject.toml)
    #   imageio
    #   matplotlib
platformdirs==4.2.0
    # via
    #   logit-graph (pyproject.toml)
    #   jupyter-core
prompt-toolkit==3.0.42
    # via
    #   logit-graph (pyproject.toml)
    #   ipython
psutil==5.9.8
    # via
    #   logit-graph (pyproject.toml)
    #   ipykernel
ptyprocess==0.7.0
    # via
    #   logit-graph (pyproject.toml)
    #   pexpect
pure-eval==0.2.2
    # via
    #   logit-graph (pyproject.toml)
    #   stack-data
pycairo==1.26.0
    # via
    #   logit-graph (pyproject.toml)
    #   pygobject
pycparser==2.21
    # via
    #   logit-graph (pyproject.toml)
    #   cffi
pygments==2.17.2
    # via
    #   logit-graph (pyproject.toml)
    #   ipython
pygobject==3.48.1
    # via logit-graph (pyproject.toml)
pyintergraph==1.3.3
    # via logit-graph (pyproject.toml)
pyparsing==3.1.2
    # via
    #   logit-graph (pyproject.toml)
    #   matplotlib
python-dateutil==2.9.0
    # via
    #   logit-graph (pyproject.toml)
    #   jupyter-client
    #   matplotlib
    #   pandas
pytz==2024.1
    # via
    #   logit-graph (pyproject.toml)
    #   pandas
pyvis==0.3.2
    # via logit-graph (pyproject.toml)
pyzmq==25.1.2
    # via
    #   logit-graph (pyproject.toml)
    #   ipykernel
    #   jupyter-client
scikit-learn==1.4.1.post1
    # via
    #   logit-graph (pyproject.toml)
    #   imbalanced-learn
scipy==1.12.0
    # via
    #   logit-graph (pyproject.toml)
    #   imbalanced-learn
    #   scikit-learn
    #   statsmodels
seaborn==0.13.2
    # via logit-graph (pyproject.toml)
setuptools==69.2.0
    # via logit-graph (pyproject.toml)
six==1.16.0
    # via
    #   logit-graph (pyproject.toml)
    #   asttokens
    #   patsy
    #   python-dateutil
stack-data==0.2.0
    # via
    #   logit-graph (pyproject.toml)
    #   ipython
statsmodels==0.14.1
    # via logit-graph (pyproject.toml)
sympy==1.12
    # via
    #   logit-graph (pyproject.toml)
    #   torch
texttable==1.7.0
    # via
    #   logit-graph (pyproject.toml)
    #   igraph
threadpoolctl==3.4.0
    # via
    #   logit-graph (pyproject.toml)
    #   imbalanced-learn
    #   scikit-learn
torch==2.2.2
    # via logit-graph (pyproject.toml)
tornado==6.4
    # via
    #   logit-graph (pyproject.toml)
    #   ipykernel
    #   jupyter-client
traitlets==5.14.2
    # via
    #   logit-graph (pyproject.toml)
    #   comm
    #   ipykernel
    #   ipython
    #   jupyter-client
    #   jupyter-core
    #   matplotlib-inline
typing-extensions==4.10.0
    # via
    #   logit-graph (pyproject.toml)
    #   torch
tzdata==2024.1
    # via
    #   logit-graph (pyproject.toml)
    #   pandas
wcwidth==0.2.6
    # via
    #   logit-graph (pyproject.toml)
    #   prompt-toolkit
wheel==0.43.0
    # via logit-graph (pyproject.toml)
zipp==3.17.0
    # via
    #   logit-graph (pyproject.toml)
    #   importlib-metadata
zstandard==0.22.0
    # via logit-graph (pyproject.toml)
